
Microsoft Visual Studio Solution File, Format Version 12.00
# Visual Studio 14
VisualStudioVersion = 14.0.25420.1
MinimumVisualStudioVersion = 10.0.40219.1
Project("{8BC9CEB8-8B4A-11D0-8D11-00A0C91BC942}") = "core", "src\core\core.vcxproj", "{1178467B-38FC-4591-89F9-51D394FA8A7C}"
EndProject
Project("{8BC9CEB8-8B4A-11D0-8D11-00A0C91BC942}") = "lua5.1.4", "src\lua5.1.4\lua5.1.4.vcxproj", "{385DA0FE-969C-4EAC-8005-DE36C813C41E}"
EndProject
Global
	GlobalSection(SolutionConfigurationPlatforms) = preSolution
		Debug|Win32 = Debug|Win32
		Debug|x64 = Debug|x64
		Release|Win32 = Release|Win32
		Release|x64 = Release|x64
	EndGlobalSection
	GlobalSection(ProjectConfigurationPlatforms) = postSolution
		{1178467B-38FC-4591-89F9-51D394FA8A7C}.Debug|Win32.ActiveCfg = Debug|Win32
		{1178467B-38FC-4591-89F9-51D394FA8A7C}.Debug|Win32.Build.0 = Debug|Win32
		{1178467B-38FC-4591-89F9-51D394FA8A7C}.Debug|x64.ActiveCfg = Debug|Win32
		{1178467B-38FC-4591-89F9-51D394FA8A7C}.Release|Win32.ActiveCfg = Release|Win32
		{1178467B-38FC-4591-89F9-51D394FA8A7C}.Release|Win32.Build.0 = Release|Win32
		{1178467B-38FC-4591-89F9-51D394FA8A7C}.Release|x64.ActiveCfg = Release|Win32
		{385DA0FE-969C-4EAC-8005-DE36C813C41E}.Debug|Win32.ActiveCfg = Debug|Win32
		{385DA0FE-969C-4EAC-8005-DE36C813C41E}.Debug|Win32.Build.0 = Debug|Win32
		{385DA0FE-969C-4EAC-8005-DE36C813C41E}.Debug|x64.ActiveCfg = Debug|x64
		{385DA0FE-969C-4EAC-8005-DE36C813C41E}.Debug|x64.Build.0 = Debug|x64
		{385DA0FE-969C-4EAC-8005-DE36C813C41E}.Release|Win32.ActiveCfg = Release|Win32
		{385DA0FE-969C-4EAC-8005-DE36C813C41E}.Release|Win32.Build.0 = Release|Win32
		{385DA0FE-969C-4EAC-8005-DE36C813C41E}.Release|x64.ActiveCfg = Release|x64
		{385DA0FE-969C-4EAC-8005-DE36C813C41E}.Release|x64.Build.0 = Release|x64
	EndGlobalSection
	GlobalSection(SolutionProperties) = preSolution
		HideSolutionNode = FALSE
	EndGlobalSection
EndGlobal
